
Microsoft Visual Studio Solution File, Format Version 12.00
# Visual Studio Version 17
VisualStudioVersion = 17.8.34309.116
MinimumVisualStudioVersion = 10.0.40219.1
Project("{FAE04EC0-301F-11D3-BF4B-00C04F79EFBC}") = "WindowsFormsApp2", "WindowsFormsApp2.csproj", "{D6FD87B0-528D-4078-80D6-EF6F1B9BDEE2}"
EndProject
Global
	GlobalSection(SolutionConfigurationPlatforms) = preSolution
		Debug|Any CPU = Debug|Any CPU
		Release|Any CPU = Release|Any CPU
	EndGlobalSection
	GlobalSection(ProjectConfigurationPlatforms) = postSolution
		{D6FD87B0-528D-4078-80D6-EF6F1B9BDEE2}.Debug|Any CPU.ActiveCfg = Debug|Any CPU
		{D6FD87B0-528D-4078-80D6-EF6F1B9BDEE2}.Debug|Any CPU.Build.0 = Debug|Any CPU
		{D6FD87B0-528D-4078-80D6-EF6F1B9BDEE2}.Release|Any CPU.ActiveCfg = Release|Any CPU
		{D6FD87B0-528D-4078-80D6-EF6F1B9BDEE2}.Release|Any CPU.Build.0 = Release|Any CPU
	EndGlobalSection
	GlobalSection(SolutionProperties) = preSolution
		HideSolutionNode = FALSE
	EndGlobalSection
	GlobalSection(ExtensibilityGlobals) = postSolution
		SolutionGuid = {34B75E20-769D-4A55-95EE-92F51CB642D1}
	EndGlobalSection
EndGlobal
